// !$*UTF8*$!
{
	archiveVersion = 1;
	classes = {
	};
	objectVersion = 46;
	objects = {

/* Begin PBXBuildFile section */
		18B52DD91D3F507600EC42FE /* main.m in Sources */ = {isa = PBXBuildFile; fileRef = 18B52DD81D3F507600EC42FE /* main.m */; };
		18B52DDC1D3F507600EC42FE /* AppDelegate.m in Sources */ = {isa = PBXBuildFile; fileRef = 18B52DDB1D3F507600EC42FE /* AppDelegate.m */; };
		18B52DDF1D3F507600EC42FE /* ViewController.m in Sources */ = {isa = PBXBuildFile; fileRef = 18B52DDE1D3F507600EC42FE /* ViewController.m */; };
		18B52DE21D3F507600EC42FE /* Main.storyboard in Resources */ = {isa = PBXBuildFile; fileRef = 18B52DE01D3F507600EC42FE /* Main.storyboard */; };
		18B52DE41D3F507600EC42FE /* Assets.xcassets in Resources */ = {isa = PBXBuildFile; fileRef = 18B52DE31D3F507600EC42FE /* Assets.xcassets */; };
		18B52DF21D3F507600EC42FE /* ____Tests.m in Sources */ = {isa = PBXBuildFile; fileRef = 18B52DF11D3F507600EC42FE /* ____Tests.m */; };
		75ABD3AC21D8C18E00AF5DF9 /* UIImage+ZPWatermark.m in Sources */ = {isa = PBXBuildFile; fileRef = 75ABD3AB21D8C18E00AF5DF9 /* UIImage+ZPWatermark.m */; };
/* End PBXBuildFile section */

/* Begin PBXContainerItemProxy section */
		18B52DEE1D3F507600EC42FE /* PBXContainerItemProxy */ = {
			isa = PBXContainerItemProxy;
			containerPortal = 18B52DCC1D3F507600EC42FE /* Project object */;
			proxyType = 1;
			remoteGlobalIDString = 18B52DD31D3F507600EC42FE;
			remoteInfo = "图片水印";
		};
/* End PBXContainerItemProxy section */

/* Begin PBXFileReference section */
		18B52DD41D3F507600EC42FE /* 图片水印.app */ = {isa = PBXFileReference; explicitFileType = wrapper.application; includeInIndex = 0; path = "图片水印.app"; sourceTree = BUILT_PRODUCTS_DIR; };
		18B52DD81D3F507600EC42FE /* main.m */ = {isa = PBXFileReference; lastKnownFileType = sourcecode.c.objc; path = main.m; sourceTree = "<group>"; };
		18B52DDA1D3F507600EC42FE /* AppDelegate.h */ = {isa = PBXFileReference; lastKnownFileType = sourcecode.c.h; path = AppDelegate.h; sourceTree = "<group>"; };
		18B52DDB1D3F507600EC42FE /* AppDelegate.m */ = {isa = PBXFileReference; lastKnownFileType = sourcecode.c.objc; path = AppDelegate.m; sourceTree = "<group>"; };
		18B52DDD1D3F507600EC42FE /* ViewController.h */ = {isa = PBXFileReference; lastKnownFileType = sourcecode.c.h; path = ViewController.h; sourceTree = "<group>"; };
		18B52DDE1D3F507600EC42FE /* ViewController.m */ = {isa = PBXFileReference; lastKnownFileType = sourcecode.c.objc; path = ViewController.m; sourceTree = "<group>"; };
		18B52DE11D3F507600EC42FE /* Base */ = {isa = PBXFileReference; lastKnownFileType = file.storyboard; name = Base; path = Base.lproj/Main.storyboard; sourceTree = "<group>"; };
		18B52DE31D3F507600EC42FE /* Assets.xcassets */ = {isa = PBXFileReference; lastKnownFileType = folder.assetcatalog; path = Assets.xcassets; sourceTree = "<group>"; };
		18B52DE81D3F507600EC42FE /* Info.plist */ = {isa = PBXFileReference; lastKnownFileType = text.plist.xml; path = Info.plist; sourceTree = "<group>"; };
		18B52DED1D3F507600EC42FE /* 图片水印Tests.xctest */ = {isa = PBXFileReference; explicitFileType = wrapper.cfbundle; includeInIndex = 0; path = "图片水印Tests.xctest"; sourceTree = BUILT_PRODUCTS_DIR; };
		18B52DF11D3F507600EC42FE /* ____Tests.m */ = {isa = PBXFileReference; lastKnownFileType = sourcecode.c.objc; path = "____Tests.m"; sourceTree = "<group>"; };
		18B52DF31D3F507600EC42FE /* Info.plist */ = {isa = PBXFileReference; lastKnownFileType = text.plist.xml; path = Info.plist; sourceTree = "<group>"; };
		75ABD3AA21D8C18E00AF5DF9 /* UIImage+ZPWatermark.h */ = {isa = PBXFileReference; lastKnownFileType = sourcecode.c.h; path = "UIImage+ZPWatermark.h"; sourceTree = "<group>"; };
		75ABD3AB21D8C18E00AF5DF9 /* UIImage+ZPWatermark.m */ = {isa = PBXFileReference; lastKnownFileType = sourcecode.c.objc; path = "UIImage+ZPWatermark.m"; sourceTree = "<group>"; };
/* End PBXFileReference section */

/* Begin PBXFrameworksBuildPhase section */
		18B52DD11D3F507600EC42FE /* Frameworks */ = {
			isa = PBXFrameworksBuildPhase;
			buildActionMask = 2147483647;
			files = (
			);
			runOnlyForDeploymentPostprocessing = 0;
		};
		18B52DEA1D3F507600EC42FE /* Frameworks */ = {
			isa = PBXFrameworksBuildPhase;
			buildActionMask = 2147483647;
			files = (
			);
			runOnlyForDeploymentPostprocessing = 0;
		};
/* End PBXFrameworksBuildPhase section */

/* Begin PBXGroup section */
		18B52DCB1D3F507600EC42FE = {
			isa = PBXGroup;
			children = (
				18B52DD61D3F507600EC42FE /* 图片水印 */,
				18B52DF01D3F507600EC42FE /* 图片水印Tests */,
				18B52DD51D3F507600EC42FE /* Products */,
			);
			sourceTree = "<group>";
		};
		18B52DD51D3F507600EC42FE /* Products */ = {
			isa = PBXGroup;
			children = (
				18B52DD41D3F507600EC42FE /* 图片水印.app */,
				18B52DED1D3F507600EC42FE /* 图片水印Tests.xctest */,
			);
			name = Products;
			sourceTree = "<group>";
		};
		18B52DD61D3F507600EC42FE /* 图片水印 */ = {
			isa = PBXGroup;
			children = (
				18B52DDA1D3F507600EC42FE /* AppDelegate.h */,
				18B52DDB1D3F507600EC42FE /* AppDelegate.m */,
				18B52DDD1D3F507600EC42FE /* ViewController.h */,
				18B52DDE1D3F507600EC42FE /* ViewController.m */,
				75ABD3AA21D8C18E00AF5DF9 /* UIImage+ZPWatermark.h */,
				75ABD3AB21D8C18E00AF5DF9 /* UIImage+ZPWatermark.m */,
				18B52DE01D3F507600EC42FE /* Main.storyboard */,
				18B52DE31D3F507600EC42FE /* Assets.xcassets */,
				18B52DE81D3F507600EC42FE /* Info.plist */,
				18B52DD71D3F507600EC42FE /* Supporting Files */,
			);
			path = "图片水印";
			sourceTree = "<group>";
		};
		18B52DD71D3F507600EC42FE /* Supporting Files */ = {
			isa = PBXGroup;
			children = (
				18B52DD81D3F507600EC42FE /* main.m */,
			);
			name = "Supporting Files";
			sourceTree = "<group>";
		};
		18B52DF01D3F507600EC42FE /* 图片水印Tests */ = {
			isa = PBXGroup;
			children = (
				18B52DF11D3F507600EC42FE /* ____Tests.m */,
				18B52DF31D3F507600EC42FE /* Info.plist */,
			);
			path = "图片水印Tests";
			sourceTree = "<group>";
		};
/* End PBXGroup section */

/* Begin PBXNativeTarget section */
		18B52DD31D3F507600EC42FE /* 图片水印 */ = {
			isa = PBXNativeTarget;
			buildConfigurationList = 18B52DF61D3F507600EC42FE /* Build configuration list for PBXNativeTarget "图片水印" */;
			buildPhases = (
				18B52DD01D3F507600EC42FE /* Sources */,
				18B52DD11D3F507600EC42FE /* Frameworks */,
				18B52DD21D3F507600EC42FE /* Resources */,
			);
			buildRules = (
			);
			dependencies = (
			);
			name = "图片水印";
			productName = "图片水印";
			productReference = 18B52DD41D3F507600EC42FE /* 图片水印.app */;
			productType = "com.apple.product-type.application";
		};
		18B52DEC1D3F507600EC42FE /* 图片水印Tests */ = {
			isa = PBXNativeTarget;
			buildConfigurationList = 18B52DF91D3F507600EC42FE /* Build configuration list for PBXNativeTarget "图片水印Tests" */;
			buildPhases = (
				18B52DE91D3F507600EC42FE /* Sources */,
				18B52DEA1D3F507600EC42FE /* Frameworks */,
				18B52DEB1D3F507600EC42FE /* Resources */,
			);
			buildRules = (
			);
			dependencies = (
				18B52DEF1D3F507600EC42FE /* PBXTargetDependency */,
			);
			name = "图片水印Tests";
			productName = "图片水印Tests";
			productReference = 18B52DED1D3F507600EC42FE /* 图片水印Tests.xctest */;
			productType = "com.apple.product-type.bundle.unit-test";
		};
/* End PBXNativeTarget section */

/* Begin PBXProject section */
		18B52DCC1D3F507600EC42FE /* Project object */ = {
			isa = PBXProject;
			attributes = {
				CLASSPREFIX = ZP;
				LastUpgradeCheck = 0730;
				ORGANIZATIONNAME = apple;
				TargetAttributes = {
					18B52DD31D3F507600EC42FE = {
						CreatedOnToolsVersion = 7.3;
					};
					18B52DEC1D3F507600EC42FE = {
						CreatedOnToolsVersion = 7.3;
						TestTargetID = 18B52DD31D3F507600EC42FE;
					};
				};
			};
			buildConfigurationList = 18B52DCF1D3F507600EC42FE /* Build configuration list for PBXProject "图片水印" */;
			compatibilityVersion = "Xcode 3.2";
			developmentRegion = English;
			hasScannedForEncodings = 0;
			knownRegions = (
				en,
				Base,
			);
			mainGroup = 18B52DCB1D3F507600EC42FE;
			productRefGroup = 18B52DD51D3F507600EC42FE /* Products */;
			projectDirPath = "";
			projectRoot = "";
			targets = (
				18B52DD31D3F507600EC42FE /* 图片水印 */,
				18B52DEC1D3F507600EC42FE /* 图片水印Tests */,
			);
		};
/* End PBXProject section */

/* Begin PBXResourcesBuildPhase section */
		18B52DD21D3F507600EC42FE /* Resources */ = {
			isa = PBXResourcesBuildPhase;
			buildActionMask = 2147483647;
			files = (
				18B52DE41D3F507600EC42FE /* Assets.xcassets in Resources */,
				18B52DE21D3F507600EC42FE /* Main.storyboard in Resources */,
			);
			runOnlyForDeploymentPostprocessing = 0;
		};
		18B52DEB1D3F507600EC42FE /* Resources */ = {
			isa = PBXResourcesBuildPhase;
			buildActionMask = 2147483647;
			files = (
			);
			runOnlyForDeploymentPostprocessing = 0;
		};
/* End PBXResourcesBuildPhase section */

/* Begin PBXSourcesBuildPhase section */
		18B52DD01D3F507600EC42FE /* Sources */ = {
			isa = PBXSourcesBuildPhase;
			buildActionMask = 2147483647;
			files = (
				18B52DDF1D3F507600EC42FE /* ViewController.m in Sources */,
				75ABD3AC21D8C18E00AF5DF9 /* UIImage+ZPWatermark.m in Sources */,
				18B52DDC1D3F507600EC42FE /* AppDelegate.m in Sources */,
				18B52DD91D3F507600EC42FE /* main.m in Sources */,
			);
			runOnlyForDeploymentPostprocessing = 0;
		};
		18B52DE91D3F507600EC42FE /* Sources */ = {
			isa = PBXSourcesBuildPhase;
			buildActionMask = 2147483647;
			files = (
				18B52DF21D3F507600EC42FE /* ____Tests.m in Sources */,
			);
			runOnlyForDeploymentPostprocessing = 0;
		};
/* End PBXSourcesBuildPhase section */

/* Begin PBXTargetDependency section */
		18B52DEF1D3F507600EC42FE /* PBXTargetDependency */ = {
			isa = PBXTargetDependency;
			target = 18B52DD31D3F507600EC42FE /* 图片水印 */;
			targetProxy = 18B52DEE1D3F507600EC42FE /* PBXContainerItemProxy */;
		};
/* End PBXTargetDependency section */

/* Begin PBXVariantGroup section */
		18B52DE01D3F507600EC42FE /* Main.storyboard */ = {
			isa = PBXVariantGroup;
			children = (
				18B52DE11D3F507600EC42FE /* Base */,
			);
			name = Main.storyboard;
			sourceTree = "<group>";
		};
/* End PBXVariantGroup section */

/* Begin XCBuildConfiguration section */
		18B52DF41D3F507600EC42FE /* Debug */ = {
			isa = XCBuildConfiguration;
			buildSettings = {
				ALWAYS_SEARCH_USER_PATHS = NO;
				CLANG_ANALYZER_NONNULL = YES;
				CLANG_CXX_LANGUAGE_STANDARD = "gnu++0x";
				CLANG_CXX_LIBRARY = "libc++";
				CLANG_ENABLE_MODULES = YES;
				CLANG_ENABLE_OBJC_ARC = YES;
				CLANG_WARN_BOOL_CONVERSION = YES;
				CLANG_WARN_CONSTANT_CONVERSION = YES;
				CLANG_WARN_DIRECT_OBJC_ISA_USAGE = YES_ERROR;
				CLANG_WARN_EMPTY_BODY = YES;
				CLANG_WARN_ENUM_CONVERSION = YES;
				CLANG_WARN_INT_CONVERSION = YES;
				CLANG_WARN_OBJC_ROOT_CLASS = YES_ERROR;
				CLANG_WARN_UNREACHABLE_CODE = YES;
				CLANG_WARN__DUPLICATE_METHOD_MATCH = YES;
				"CODE_SIGN_IDENTITY[sdk=iphoneos*]" = "iPhone Developer";
				COPY_PHASE_STRIP = NO;
				DEBUG_INFORMATION_FORMAT = dwarf;
				ENABLE_STRICT_OBJC_MSGSEND = YES;
				ENABLE_TESTABILITY = YES;
				GCC_C_LANGUAGE_STANDARD = gnu99;
				GCC_DYNAMIC_NO_PIC = NO;
				GCC_NO_COMMON_BLOCKS = YES;
				GCC_OPTIMIZATION_LEVEL = 0;
				GCC_PREPROCESSOR_DEFINITIONS = (
					"DEBUG=1",
					"$(inherited)",
				);
				GCC_WARN_64_TO_32_BIT_CONVERSION = YES;
				GCC_WARN_ABOUT_RETURN_TYPE = YES_ERROR;
				GCC_WARN_UNDECLARED_SELECTOR = YES;
				GCC_WARN_UNINITIALIZED_AUTOS = YES_AGGRESSIVE;
				GCC_WARN_UNUSED_FUNCTION = YES;
				GCC_WARN_UNUSED_VARIABLE = YES;
				IPHONEOS_DEPLOYMENT_TARGET = 9.3;
				MTL_ENABLE_DEBUG_INFO = YES;
				ONLY_ACTIVE_ARCH = YES;
				SDKROOT = iphoneos;
			};
			name = Debug;
		};
		18B52DF51D3F507600EC42FE /* Release */ = {
			isa = XCBuildConfiguration;
			buildSettings = {
				ALWAYS_SEARCH_USER_PATHS = NO;
				CLANG_ANALYZER_NONNULL = YES;
				CLANG_CXX_LANGUAGE_STANDARD = "gnu++0x";
				CLANG_CXX_LIBRARY = "libc++";
				CLANG_ENABLE_MODULES = YES;
				CLANG_ENABLE_OBJC_ARC = YES;
				CLANG_WARN_BOOL_CONVERSION = YES;
				CLANG_WARN_CONSTANT_CONVERSION = YES;
				CLANG_WARN_DIRECT_OBJC_ISA_USAGE = YES_ERROR;
				CLANG_WARN_EMPTY_BODY = YES;
				CLANG_WARN_ENUM_CONVERSION = YES;
				CLANG_WARN_INT_CONVERSION = YES;
				CLANG_WARN_OBJC_ROOT_CLASS = YES_ERROR;
				CLANG_WARN_UNREACHABLE_CODE = YES;
				CLANG_WARN__DUPLICATE_METHOD_MATCH = YES;
				"CODE_SIGN_IDENTITY[sdk=iphoneos*]" = "iPhone Developer";
				COPY_PHASE_STRIP = NO;
				DEBUG_INFORMATION_FORMAT = "dwarf-with-dsym";
				ENABLE_NS_ASSERTIONS = NO;
				ENABLE_STRICT_OBJC_MSGSEND = YES;
				GCC_C_LANGUAGE_STANDARD = gnu99;
				GCC_NO_COMMON_BLOCKS = YES;
				GCC_WARN_64_TO_32_BIT_CONVERSION = YES;
				GCC_WARN_ABOUT_RETURN_TYPE = YES_ERROR;
				GCC_WARN_UNDECLARED_SELECTOR = YES;
				GCC_WARN_UNINITIALIZED_AUTOS = YES_AGGRESSIVE;
				GCC_WARN_UNUSED_FUNCTION = YES;
				GCC_WARN_UNUSED_VARIABLE = YES;
				IPHONEOS_DEPLOYMENT_TARGET = 9.3;
				MTL_ENABLE_DEBUG_INFO = NO;
				SDKROOT = iphoneos;
				VALIDATE_PRODUCT = YES;
			};
			name = Release;
		};
		18B52DF71D3F507600EC42FE /* Debug */ = {
			isa = XCBuildConfiguration;
			buildSettings = {
				ASSETCATALOG_COMPILER_APPICON_NAME = AppIcon;
				INFOPLIST_FILE = "图片水印/Info.plist";
				LD_RUNPATH_SEARCH_PATHS = "$(inherited) @executable_path/Frameworks";
				PRODUCT_BUNDLE_IDENTIFIER = "cn.sunco.----";
				PRODUCT_NAME = "$(TARGET_NAME)";
			};
			name = Debug;
		};
		18B52DF81D3F507600EC42FE /* Release */ = {
			isa = XCBuildConfiguration;
			buildSettings = {
				ASSETCATALOG_COMPILER_APPICON_NAME = AppIcon;
				INFOPLIST_FILE = "图片水印/Info.plist";
				LD_RUNPATH_SEARCH_PATHS = "$(inherited) @executable_path/Frameworks";
				PRODUCT_BUNDLE_IDENTIFIER = "cn.sunco.----";
				PRODUCT_NAME = "$(TARGET_NAME)";
			};
			name = Release;
		};
		18B52DFA1D3F507600EC42FE /* Debug */ = {
			isa = XCBuildConfiguration;
			buildSettings = {
				BUNDLE_LOADER = "$(TEST_HOST)";
				INFOPLIST_FILE = "图片水印Tests/Info.plist";
				LD_RUNPATH_SEARCH_PATHS = "$(inherited) @executable_path/Frameworks @loader_path/Frameworks";
				PRODUCT_BUNDLE_IDENTIFIER = "cn.sunco.----Tests";
				PRODUCT_NAME = "$(TARGET_NAME)";
				TEST_HOST = "$(BUILT_PRODUCTS_DIR)/图片水印.app/图片水印";
			};
			name = Debug;
		};
		18B52DFB1D3F507600EC42FE /* Release */ = {
			isa = XCBuildConfiguration;
			buildSettings = {
				BUNDLE_LOADER = "$(TEST_HOST)";
				INFOPLIST_FILE = "图片水印Tests/Info.plist";
				LD_RUNPATH_SEARCH_PATHS = "$(inherited) @executable_path/Frameworks @loader_path/Frameworks";
				PRODUCT_BUNDLE_IDENTIFIER = "cn.sunco.----Tests";
				PRODUCT_NAME = "$(TARGET_NAME)";
				TEST_HOST = "$(BUILT_PRODUCTS_DIR)/图片水印.app/图片水印";
			};
			name = Release;
		};
/* End XCBuildConfiguration section */

/* Begin XCConfigurationList section */
		18B52DCF1D3F507600EC42FE /* Build configuration list for PBXProject "图片水印" */ = {
			isa = XCConfigurationList;
			buildConfigurations = (
				18B52DF41D3F507600EC42FE /* Debug */,
				18B52DF51D3F507600EC42FE /* Release */,
			);
			defaultConfigurationIsVisible = 0;
			defaultConfigurationName = Release;
		};
		18B52DF61D3F507600EC42FE /* Build configuration list for PBXNativeTarget "图片水印" */ = {
			isa = XCConfigurationList;
			buildConfigurations = (
				18B52DF71D3F507600EC42FE /* Debug */,
				18B52DF81D3F507600EC42FE /* Release */,
			);
			defaultConfigurationIsVisible = 0;
			defaultConfigurationName = Release;
		};
		18B52DF91D3F507600EC42FE /* Build configuration list for PBXNativeTarget "图片水印Tests" */ = {
			isa = XCConfigurationList;
			buildConfigurations = (
				18B52DFA1D3F507600EC42FE /* Debug */,
				18B52DFB1D3F507600EC42FE /* Release */,
			);
			defaultConfigurationIsVisible = 0;
			defaultConfigurationName = Release;
		};
/* End XCConfigurationList section */
	};
	rootObject = 18B52DCC1D3F507600EC42FE /* Project object */;
}
